[[package]]
name = "bcrypt"
version = "4.0.0"
requires_python = ">=3.6"
summary = "Modern password hashing for your software and your servers"

[[package]]
name = "pony"
version = "0.7.16"
summary = "Pony Object-Relational Mapper"

[[package]]
name = "psycopg2"
version = "2.9.4"
requires_python = ">=3.6"
summary = "psycopg2 - Python-PostgreSQL Database Adapter"

[metadata]
lock_version = "4.0"
content_hash = "sha256:8eb63d9646914f63e62e9418bc0acafe38137dca1601f1f32619444167d395a6"

[metadata.files]
"bcrypt 4.0.0" = [
    {url = "https://files.pythonhosted.org/packages/19/c1/c808dc7bacc620fefa7e7f573fc6b26b5b3030afe5fea7b16e8d87b4be44/bcrypt-4.0.0-cp36-abi3-manylinux_2_24_x86_64.whl", hash = "sha256:7c7dd6c1f05bf89e65261d97ac3a6520f34c2acb369afb57e3ea4449be6ff8fd"},
    {url = "https://files.pythonhosted.org/packages/3a/c4/085d1cbe08f2ac4933db949d5ad9d6d0210e451948e06f247857ab97c1f7/bcrypt-4.0.0-cp36-abi3-musllinux_1_1_aarch64.whl", hash = "sha256:bf413f2a9b0a2950fc750998899013f2e718d20fa4a58b85ca50b6df5ed1bbf9"},
    {url = "https://files.pythonhosted.org/packages/54/e5/64354519c6e6aee70994b9a948b7e823b4012bc7f08a614456c3517560a9/bcrypt-4.0.0-cp36-abi3-manylinux_2_17_aarch64.manylinux2014_aarch64.whl", hash = "sha256:1c3334446fac200499e8bc04a530ce3cf0b3d7151e0e4ac5c0dddd3d95e97843"},
    {url = "https://files.pythonhosted.org/packages/7e/d9/73369b68fba1a4c1c6977a98466af2872b3b81ec3de341cbd8222825ee8a/bcrypt-4.0.0-cp36-abi3-manylinux_2_28_aarch64.whl", hash = "sha256:594780b364fb45f2634c46ec8d3e61c1c0f1811c4f2da60e8eb15594ecbf93ed"},
    {url = "https://files.pythonhosted.org/packages/87/7b/b9bda96f6fc870d1125f8c259bf905510f526b9dbeed4ef2a0df6e0106dc/bcrypt-4.0.0-cp36-abi3-macosx_10_10_universal2.whl", hash = "sha256:845b1daf4df2dd94d2fdbc9454953ca9dd0e12970a0bfc9f3dcc6faea3fa96e4"},
    {url = "https://files.pythonhosted.org/packages/95/d1/cdfcf698433b03af76df3f1ee15c840b1f6e54dcdd5a390a6d581d512ec4/bcrypt-4.0.0-cp36-abi3-manylinux_2_28_x86_64.whl", hash = "sha256:2d0dd19aad87e4ab882ef1d12df505f4c52b28b69666ce83c528f42c07379227"},
    {url = "https://files.pythonhosted.org/packages/99/f2/b71b9b5b2400fffac7d42c560ac89f302c4d8e328337b2f05f0a4d9e590d/bcrypt-4.0.0.tar.gz", hash = "sha256:c59c170fc9225faad04dde1ba61d85b413946e8ce2e5f5f5ff30dfd67283f319"},
    {url = "https://files.pythonhosted.org/packages/b1/f9/8c8e387e1c560448ada45266b6457be8949e58a0b5cb59e36d7506546139/bcrypt-4.0.0-cp36-abi3-win_amd64.whl", hash = "sha256:0b0f0c7141622a31e9734b7f649451147c04ebb5122327ac0bd23744df84be90"},
    {url = "https://files.pythonhosted.org/packages/b3/46/fe43bd0912f884c91532e7b3f30923bf43861509b1796f38e1ff841b9653/bcrypt-4.0.0-cp36-abi3-win32.whl", hash = "sha256:dc6ec3dc19b1c193b2f7cf279d3e32e7caf447532fbcb7af0906fe4398900c33"},
    {url = "https://files.pythonhosted.org/packages/c5/77/14bbcd08ad265577ad6ea8e8980b9c0ad668cecfd241ae169b6747c4491b/bcrypt-4.0.0-cp36-abi3-manylinux_2_17_x86_64.manylinux2014_x86_64.whl", hash = "sha256:bfb67f6a6c72dfb0a02f3df51550aa1862708e55128b22543e2b42c74f3620d7"},
    {url = "https://files.pythonhosted.org/packages/dd/be/70eee1a2a62b1986e9a60f74b0d7e095bc50fd7cd67109fd82377fa22b90/bcrypt-4.0.0-cp36-abi3-manylinux_2_17_aarch64.manylinux2014_aarch64.manylinux_2_24_aarch64.whl", hash = "sha256:8780e69f9deec9d60f947b169507d2c9816e4f11548f1f7ebee2af38b9b22ae4"},
    {url = "https://files.pythonhosted.org/packages/f4/54/4bf31e9b77b1c64b3d45cd04d42dbac6b31e9599174d5429238a7a5913d8/bcrypt-4.0.0-cp36-abi3-musllinux_1_1_x86_64.whl", hash = "sha256:ede0f506554571c8eda80db22b83c139303ec6b595b8f60c4c8157bdd0bdee36"},
]
"pony 0.7.16" = [
    {url = "https://files.pythonhosted.org/packages/16/3c/28d42c569dc8d4d11bf512bc4f5beb54834a1fd132ab84274133fa4827c7/pony-0.7.16.tar.gz", hash = "sha256:5f45fc67587f4520c560a57148cc573b097d42f82f5cb200d72c957b5708198d"},
    {url = "https://files.pythonhosted.org/packages/68/2e/d7f36d21ce7e1df1d7a02bdb38541ccf5f9c18c2656ae3698acee29447a4/pony-0.7.16-py3-none-any.whl", hash = "sha256:608a1c1d662983bad2590e650f2bbc1cd6ed48558894ad8f50da4739ff98f614"},
]
"psycopg2 2.9.4" = [
    {url = "https://files.pythonhosted.org/packages/20/6c/1eda000a7f71e08f0ce99a0e6c8a1ab5eaa292bfc6bcbcc0b69685b99d5a/psycopg2-2.9.4-cp38-cp38-win32.whl", hash = "sha256:839f9ea8f6098e39966d97fcb8d08548fbc57c523a1e27a1f0609addf40f777c"},
    {url = "https://files.pythonhosted.org/packages/20/74/ab9c9076107de13f70bff1c31a66f1327bbe90f5c8c950305a733f20fef9/psycopg2-2.9.4-cp38-cp38-win_amd64.whl", hash = "sha256:c7fa041b4acb913f6968fce10169105af5200f296028251d817ab37847c30184"},
    {url = "https://files.pythonhosted.org/packages/43/47/12c263c144062fde71f0d71d03f5eb876b7e07a7bc99b552a44e1f7c13e2/psycopg2-2.9.4-cp36-cp36m-win32.whl", hash = "sha256:a11946bad3557ca254f17357d5a4ed63bdca45163e7a7d2bfb8e695df069cc3a"},
    {url = "https://files.pythonhosted.org/packages/4d/19/0e1b6050b99be7aaae32926748c83852097df0e4964fcee0eea57bb4cbfe/psycopg2-2.9.4-cp36-cp36m-win_amd64.whl", hash = "sha256:46361c054df612c3cc813fdb343733d56543fb93565cff0f8ace422e4da06acb"},
    {url = "https://files.pythonhosted.org/packages/5c/05/88fa2be0148f2afd0f576272964b83b18be227a965331ff82f1f58be89eb/psycopg2-2.9.4-cp310-cp310-win_amd64.whl", hash = "sha256:1da77c061bdaab450581458932ae5e469cc6e36e0d62f988376e9f513f11cb5c"},
    {url = "https://files.pythonhosted.org/packages/87/72/64d073755a80e835f2558c6583151f980ff4e4e47ab2f19570da2b7ebb87/psycopg2-2.9.4-cp37-cp37m-win_amd64.whl", hash = "sha256:aa184d551a767ad25df3b8d22a0a62ef2962e0e374c04f6cbd1204947f540d61"},
    {url = "https://files.pythonhosted.org/packages/8d/d7/277e23b708a0429b6b3d50e86e52b791156dfbfa81917d34ef6d7b435b84/psycopg2-2.9.4.tar.gz", hash = "sha256:d529926254e093a1b669f692a3aa50069bc71faf5b0ecd91686a78f62767d52f"},
    {url = "https://files.pythonhosted.org/packages/bf/e3/defe7f0d2418dc9f18245f004047ac48312037f7d9e4d02fbdfe66dc18f8/psycopg2-2.9.4-cp39-cp39-win_amd64.whl", hash = "sha256:849bd868ae3369932127f0771c08d1109b254f08d48dc42493c3d1b87cb2d308"},
    {url = "https://files.pythonhosted.org/packages/d0/50/b951e86f3fe09e35cc648b32ece2b0db5ac58f2471345531705a7ae71937/psycopg2-2.9.4-cp310-cp310-win32.whl", hash = "sha256:8de6a9fc5f42fa52f559e65120dcd7502394692490c98fed1221acf0819d7797"},
    {url = "https://files.pythonhosted.org/packages/d1/ba/7d4df3b6975a3ab3174f84681ce13de718f31b334c29bff4daca5ab48134/psycopg2-2.9.4-cp39-cp39-win32.whl", hash = "sha256:07b90a24d5056687781ddaef0ea172fd951f2f7293f6ffdd03d4f5077801f426"},
    {url = "https://files.pythonhosted.org/packages/fe/12/9739036b90fa146af6b80c0b64e6f2aeed01bb1d7e30dfc20482b008c4d8/psycopg2-2.9.4-cp37-cp37m-win32.whl", hash = "sha256:aafa96f2da0071d6dd0cbb7633406d99f414b40ab0f918c9d9af7df928a1accb"},
]
